
Microsoft Visual Studio Solution File, Format Version 12.00
# Visual Studio Version 17
VisualStudioVersion = 17.5.2.0
MinimumVisualStudioVersion = 10.0.40219.1
Project("{2150E333-8FDC-42A3-9474-1A3956D46DE8}") = "FormacaoCSharp", "FormacaoCSharp", "{0CEAEE3E-2A9A-556C-BEE2-46A1C790C767}"
EndProject
Project("{2150E333-8FDC-42A3-9474-1A3956D46DE8}") = "Nivel1", "Nivel1", "{266A6B04-69F3-31AE-533D-455678714503}"
EndProject
Project("{FAE04EC0-301F-11D3-BF4B-00C04F79EFBC}") = "HelloWorld", "Formacao C#\Nivel 1\Primeiros passos\HelloWorld\HelloWorld.csproj", "{3BEEB1B4-771C-4B6B-B8D7-A689301BBD18}"
EndProject
Global
	GlobalSection(SolutionConfigurationPlatforms) = preSolution
		Debug|Any CPU = Debug|Any CPU
		Debug|x64 = Debug|x64
		Debug|x86 = Debug|x86
		Release|Any CPU = Release|Any CPU
		Release|x64 = Release|x64
		Release|x86 = Release|x86
	EndGlobalSection
	GlobalSection(ProjectConfigurationPlatforms) = postSolution
		{3BEEB1B4-771C-4B6B-B8D7-A689301BBD18}.Debug|Any CPU.ActiveCfg = Debug|Any CPU
		{3BEEB1B4-771C-4B6B-B8D7-A689301BBD18}.Debug|Any CPU.Build.0 = Debug|Any CPU
		{3BEEB1B4-771C-4B6B-B8D7-A689301BBD18}.Debug|x64.ActiveCfg = Debug|Any CPU
		{3BEEB1B4-771C-4B6B-B8D7-A689301BBD18}.Debug|x64.Build.0 = Debug|Any CPU
		{3BEEB1B4-771C-4B6B-B8D7-A689301BBD18}.Debug|x86.ActiveCfg = Debug|Any CPU
		{3BEEB1B4-771C-4B6B-B8D7-A689301BBD18}.Debug|x86.Build.0 = Debug|Any CPU
		{3BEEB1B4-771C-4B6B-B8D7-A689301BBD18}.Release|Any CPU.ActiveCfg = Release|Any CPU
		{3BEEB1B4-771C-4B6B-B8D7-A689301BBD18}.Release|Any CPU.Build.0 = Release|Any CPU
		{3BEEB1B4-771C-4B6B-B8D7-A689301BBD18}.Release|x64.ActiveCfg = Release|Any CPU
		{3BEEB1B4-771C-4B6B-B8D7-A689301BBD18}.Release|x64.Build.0 = Release|Any CPU
		{3BEEB1B4-771C-4B6B-B8D7-A689301BBD18}.Release|x86.ActiveCfg = Release|Any CPU
		{3BEEB1B4-771C-4B6B-B8D7-A689301BBD18}.Release|x86.Build.0 = Release|Any CPU
	EndGlobalSection
	GlobalSection(SolutionProperties) = preSolution
		HideSolutionNode = FALSE
	EndGlobalSection
	GlobalSection(NestedProjects) = preSolution
		{266A6B04-69F3-31AE-533D-455678714503} = {0CEAEE3E-2A9A-556C-BEE2-46A1C790C767}
		{3BEEB1B4-771C-4B6B-B8D7-A689301BBD18} = {266A6B04-69F3-31AE-533D-455678714503}
	EndGlobalSection
	GlobalSection(ExtensibilityGlobals) = postSolution
		SolutionGuid = {ABC074AD-C0AA-43A1-B36F-0A1217D9B709}
	EndGlobalSection
EndGlobal
